
Microsoft Visual Studio Solution File, Format Version 10.00
# Visual Studio 2008
Project("{6989167D-11E4-40FE-8C1A-2192A86A7E90}") = "F_libcta", "F_libcta\F_libcta.vfproj", "{C1E40410-260B-4C27-ADAB-FF6A3D40F1E7}"
EndProject
Project("{8BC9CEB8-8B4A-11D0-8D11-00A0C91BC942}") = "libcta", "libcta\libcta.vcproj", "{996C8191-BF58-4DBE-B0B2-46B05F21472B}"
	ProjectSection(ProjectDependencies) = postProject
		{A62B8104-232E-46F5-85C2-D050070B0AE6} = {A62B8104-232E-46F5-85C2-D050070B0AE6}
		{3871B80B-D8AE-432B-923C-7750393B2050} = {3871B80B-D8AE-432B-923C-7750393B2050}
		{C1E40410-260B-4C27-ADAB-FF6A3D40F1E7} = {C1E40410-260B-4C27-ADAB-FF6A3D40F1E7}
		{C6E95994-E514-459D-AEB7-C8E4E3AFC49B} = {C6E95994-E514-459D-AEB7-C8E4E3AFC49B}
	EndProjectSection
EndProject
Project("{6989167D-11E4-40FE-8C1A-2192A86A7E90}") = "blas", "blas\blas.vfproj", "{3871B80B-D8AE-432B-923C-7750393B2050}"
EndProject
Project("{6989167D-11E4-40FE-8C1A-2192A86A7E90}") = "lapack", "lapack\lapack.vfproj", "{C6E95994-E514-459D-AEB7-C8E4E3AFC49B}"
EndProject
Project("{8BC9CEB8-8B4A-11D0-8D11-00A0C91BC942}") = "sqlite3", "sqlite3\sqlite3.vcproj", "{A62B8104-232E-46F5-85C2-D050070B0AE6}"
EndProject
Project("{6989167D-11E4-40FE-8C1A-2192A86A7E90}") = "F_liboscill", "F_liboscill\F_liboscill.vfproj", "{E523DC72-5258-4798-89A3-2CF8C9396E84}"
	ProjectSection(ProjectDependencies) = postProject
		{996C8191-BF58-4DBE-B0B2-46B05F21472B} = {996C8191-BF58-4DBE-B0B2-46B05F21472B}
	EndProjectSection
EndProject
Project("{8BC9CEB8-8B4A-11D0-8D11-00A0C91BC942}") = "liboscill", "liboscill\liboscill.vcproj", "{B00C1B7A-1BDC-428E-9F9F-057D333977D1}"
	ProjectSection(ProjectDependencies) = postProject
		{C1E40410-260B-4C27-ADAB-FF6A3D40F1E7} = {C1E40410-260B-4C27-ADAB-FF6A3D40F1E7}
		{E523DC72-5258-4798-89A3-2CF8C9396E84} = {E523DC72-5258-4798-89A3-2CF8C9396E84}
		{996C8191-BF58-4DBE-B0B2-46B05F21472B} = {996C8191-BF58-4DBE-B0B2-46B05F21472B}
	EndProjectSection
EndProject
Project("{8BC9CEB8-8B4A-11D0-8D11-00A0C91BC942}") = "OpendaBridge", "OpendaBridge\OpendaBridge.vcproj", "{63A90038-9B88-4233-BA21-18AAB110A2C2}"
	ProjectSection(ProjectDependencies) = postProject
		{996C8191-BF58-4DBE-B0B2-46B05F21472B} = {996C8191-BF58-4DBE-B0B2-46B05F21472B}
	EndProjectSection
EndProject
Project("{6989167D-11E4-40FE-8C1A-2192A86A7E90}") = "libpollute2d", "libpollute2d\libpollute2d.vfproj", "{D0E4766D-0A4F-4ED1-8343-D992AE768BBD}"
	ProjectSection(ProjectDependencies) = postProject
		{C1E40410-260B-4C27-ADAB-FF6A3D40F1E7} = {C1E40410-260B-4C27-ADAB-FF6A3D40F1E7}
		{996C8191-BF58-4DBE-B0B2-46B05F21472B} = {996C8191-BF58-4DBE-B0B2-46B05F21472B}
	EndProjectSection
EndProject
Project("{6989167D-11E4-40FE-8C1A-2192A86A7E90}") = "pollute2d_ww", "pollute2d_ww\pollute2d_ww.vfproj", "{2528C30E-81F1-4443-B450-1FA1E9A25349}"
EndProject
Project("{6989167D-11E4-40FE-8C1A-2192A86A7E90}") = "pollute2d_worker", "pollute2d_worker\pollute2d_worker.vfproj", "{060A0E25-4600-4A67-81B2-1353A0987454}"
	ProjectSection(ProjectDependencies) = postProject
		{D0E4766D-0A4F-4ED1-8343-D992AE768BBD} = {D0E4766D-0A4F-4ED1-8343-D992AE768BBD}
	EndProjectSection
EndProject
Global
	GlobalSection(SolutionConfigurationPlatforms) = preSolution
		Debug|Win32 = Debug|Win32
		Release|Win32 = Release|Win32
	EndGlobalSection
	GlobalSection(ProjectConfigurationPlatforms) = postSolution
		{C1E40410-260B-4C27-ADAB-FF6A3D40F1E7}.Debug|Win32.ActiveCfg = Debug|Win32
		{C1E40410-260B-4C27-ADAB-FF6A3D40F1E7}.Debug|Win32.Build.0 = Debug|Win32
		{C1E40410-260B-4C27-ADAB-FF6A3D40F1E7}.Release|Win32.ActiveCfg = Release|Win32
		{C1E40410-260B-4C27-ADAB-FF6A3D40F1E7}.Release|Win32.Build.0 = Release|Win32
		{996C8191-BF58-4DBE-B0B2-46B05F21472B}.Debug|Win32.ActiveCfg = Debug|Win32
		{996C8191-BF58-4DBE-B0B2-46B05F21472B}.Debug|Win32.Build.0 = Debug|Win32
		{996C8191-BF58-4DBE-B0B2-46B05F21472B}.Release|Win32.ActiveCfg = Release|Win32
		{996C8191-BF58-4DBE-B0B2-46B05F21472B}.Release|Win32.Build.0 = Release|Win32
		{3871B80B-D8AE-432B-923C-7750393B2050}.Debug|Win32.ActiveCfg = Debug|Win32
		{3871B80B-D8AE-432B-923C-7750393B2050}.Debug|Win32.Build.0 = Debug|Win32
		{3871B80B-D8AE-432B-923C-7750393B2050}.Release|Win32.ActiveCfg = Release|Win32
		{3871B80B-D8AE-432B-923C-7750393B2050}.Release|Win32.Build.0 = Release|Win32
		{C6E95994-E514-459D-AEB7-C8E4E3AFC49B}.Debug|Win32.ActiveCfg = Debug|Win32
		{C6E95994-E514-459D-AEB7-C8E4E3AFC49B}.Debug|Win32.Build.0 = Debug|Win32
		{C6E95994-E514-459D-AEB7-C8E4E3AFC49B}.Release|Win32.ActiveCfg = Release|Win32
		{C6E95994-E514-459D-AEB7-C8E4E3AFC49B}.Release|Win32.Build.0 = Release|Win32
		{A62B8104-232E-46F5-85C2-D050070B0AE6}.Debug|Win32.ActiveCfg = Debug|Win32
		{A62B8104-232E-46F5-85C2-D050070B0AE6}.Debug|Win32.Build.0 = Debug|Win32
		{A62B8104-232E-46F5-85C2-D050070B0AE6}.Release|Win32.ActiveCfg = Release|Win32
		{A62B8104-232E-46F5-85C2-D050070B0AE6}.Release|Win32.Build.0 = Release|Win32
		{E523DC72-5258-4798-89A3-2CF8C9396E84}.Debug|Win32.ActiveCfg = Debug|Win32
		{E523DC72-5258-4798-89A3-2CF8C9396E84}.Debug|Win32.Build.0 = Debug|Win32
		{E523DC72-5258-4798-89A3-2CF8C9396E84}.Release|Win32.ActiveCfg = Release|Win32
		{E523DC72-5258-4798-89A3-2CF8C9396E84}.Release|Win32.Build.0 = Release|Win32
		{B00C1B7A-1BDC-428E-9F9F-057D333977D1}.Debug|Win32.ActiveCfg = Debug|Win32
		{B00C1B7A-1BDC-428E-9F9F-057D333977D1}.Debug|Win32.Build.0 = Debug|Win32
		{B00C1B7A-1BDC-428E-9F9F-057D333977D1}.Release|Win32.ActiveCfg = Release|Win32
		{B00C1B7A-1BDC-428E-9F9F-057D333977D1}.Release|Win32.Build.0 = Release|Win32
		{63A90038-9B88-4233-BA21-18AAB110A2C2}.Debug|Win32.ActiveCfg = Debug|Win32
		{63A90038-9B88-4233-BA21-18AAB110A2C2}.Debug|Win32.Build.0 = Debug|Win32
		{63A90038-9B88-4233-BA21-18AAB110A2C2}.Release|Win32.ActiveCfg = Release|Win32
		{63A90038-9B88-4233-BA21-18AAB110A2C2}.Release|Win32.Build.0 = Release|Win32
		{D0E4766D-0A4F-4ED1-8343-D992AE768BBD}.Debug|Win32.ActiveCfg = Debug|Win32
		{D0E4766D-0A4F-4ED1-8343-D992AE768BBD}.Debug|Win32.Build.0 = Debug|Win32
		{D0E4766D-0A4F-4ED1-8343-D992AE768BBD}.Release|Win32.ActiveCfg = Release|Win32
		{D0E4766D-0A4F-4ED1-8343-D992AE768BBD}.Release|Win32.Build.0 = Release|Win32
		{2528C30E-81F1-4443-B450-1FA1E9A25349}.Debug|Win32.ActiveCfg = Debug|Win32
		{2528C30E-81F1-4443-B450-1FA1E9A25349}.Debug|Win32.Build.0 = Debug|Win32
		{2528C30E-81F1-4443-B450-1FA1E9A25349}.Release|Win32.ActiveCfg = Release|Win32
		{2528C30E-81F1-4443-B450-1FA1E9A25349}.Release|Win32.Build.0 = Release|Win32
		{060A0E25-4600-4A67-81B2-1353A0987454}.Debug|Win32.ActiveCfg = Debug|Win32
		{060A0E25-4600-4A67-81B2-1353A0987454}.Debug|Win32.Build.0 = Debug|Win32
		{060A0E25-4600-4A67-81B2-1353A0987454}.Release|Win32.ActiveCfg = Release|Win32
		{060A0E25-4600-4A67-81B2-1353A0987454}.Release|Win32.Build.0 = Release|Win32
	EndGlobalSection
	GlobalSection(SolutionProperties) = preSolution
		HideSolutionNode = FALSE
	EndGlobalSection
EndGlobal
